Microsoft Visual Studio Solution File, Format Version 12.00
# Visual Studio Version 17
VisualStudioVersion = 17.5.2.0
MinimumVisualStudioVersion = 10.0.40219.1
Project("{FAE04EC0-301F-11D3-BF4B-00C04F79EFBC}") = "ConsoleChessLast", "ConsoleChessLast.csproj", "{6FBE9C2B-7A05-6BDD-9FE6-CA154B950047}"
EndProject
Global
	GlobalSection(SolutionConfigurationPlatforms) = preSolution
		Debug|Any CPU = Debug|Any CPU
		Release|Any CPU = Release|Any CPU
	EndGlobalSection
	GlobalSection(ProjectConfigurationPlatforms) = postSolution
		{6FBE9C2B-7A05-6BDD-9FE6-CA154B950047}.Debug|Any CPU.ActiveCfg = Debug|Any CPU
		{6FBE9C2B-7A05-6BDD-9FE6-CA154B950047}.Debug|Any CPU.Build.0 = Debug|Any CPU
		{6FBE9C2B-7A05-6BDD-9FE6-CA154B950047}.Release|Any CPU.ActiveCfg = Release|Any CPU
		{6FBE9C2B-7A05-6BDD-9FE6-CA154B950047}.Release|Any CPU.Build.0 = Release|Any CPU
	EndGlobalSection
	GlobalSection(SolutionProperties) = preSolution
		HideSolutionNode = FALSE
	EndGlobalSection
	GlobalSection(ExtensibilityGlobals) = postSolution
		SolutionGuid = {FA07014B-CE54-4388-AAD3-17607C472385}
	EndGlobalSection
EndGlobal
